
Microsoft Visual Studio Solution File, Format Version 12.00
# Visual Studio Version 16
VisualStudioVersion = 16.0.29519.87
MinimumVisualStudioVersion = 10.0.40219.1
Project("{FAE04EC0-301F-11D3-BF4B-00C04F79EFBC}") = "FFVideoConverter", "FF Video Converter\FFVideoConverter.csproj", "{388AC4EB-E497-4E45-8FA4-345C1BB4CB48}"
EndProject
Global
	GlobalSection(SolutionConfigurationPlatforms) = preSolution
		Debug|Any CPU = Debug|Any CPU
		Release|Any CPU = Release|Any CPU
	EndGlobalSection
	GlobalSection(ProjectConfigurationPlatforms) = postSolution
		{388AC4EB-E497-4E45-8FA4-345C1BB4CB48}.Debug|Any CPU.ActiveCfg = Debug|Any CPU
		{388AC4EB-E497-4E45-8FA4-345C1BB4CB48}.Debug|Any CPU.Build.0 = Debug|Any CPU
		{388AC4EB-E497-4E45-8FA4-345C1BB4CB48}.Release|Any CPU.ActiveCfg = Release|Any CPU
		{388AC4EB-E497-4E45-8FA4-345C1BB4CB48}.Release|Any CPU.Build.0 = Release|Any CPU
	EndGlobalSection
	GlobalSection(SolutionProperties) = preSolution
		HideSolutionNode = FALSE
	EndGlobalSection
	GlobalSection(ExtensibilityGlobals) = postSolution
		SolutionGuid = {7C700ACE-D0A5-405E-8828-1A722F91B33B}
	EndGlobalSection
EndGlobal
